{
  "lockfileVersion": 1,
  "configVersion": 1,
  "workspaces": {
    "": {
      "name": "unity-agentic-core",
      "devDependencies": {
        "@napi-rs/cli": "^2.18.0",
      },
      "optionalDependencies": {
        "unity-agentic-tool-darwin-arm64": "0.1.0",
        "unity-agentic-tool-darwin-x64": "0.1.0",
        "unity-agentic-tool-linux-x64-gnu": "0.1.0",
        "unity-agentic-tool-win32-x64-msvc": "0.1.0",
      },
    },
  },
  "packages": {
    "@napi-rs/cli": ["@napi-rs/cli@2.18.4", "", { "bin": { "napi": "scripts/index.js" } }, "sha512-SgJeA4df9DE2iAEpr3M2H0OKl/yjtg1BnRI5/JyowS71tUWhrfSu2LT0V3vlHET+g1hBVlrO60PmEXwUEKp8Mg=="],
  }
}
